
Microsoft Visual Studio Solution File, Format Version 12.00
# Visual Studio Version 16
VisualStudioVersion = 16.0.30611.23
MinimumVisualStudioVersion = 10.0.40219.1
Project("{FAE04EC0-301F-11D3-BF4B-00C04F79EFBC}") = "三菱3E帧项目", "三菱3E帧项目\三菱3E帧项目.csproj", "{BCD80F03-1C43-4DC9-8DDF-90725AE10EC0}"
EndProject
Project("{FAE04EC0-301F-11D3-BF4B-00C04F79EFBC}") = "Test", "Test\Test.csproj", "{37A2B3AA-1241-46B4-9E78-5B7066355885}"
EndProject
Global
	GlobalSection(SolutionConfigurationPlatforms) = preSolution
		Debug|Any CPU = Debug|Any CPU
		Release|Any CPU = Release|Any CPU
	EndGlobalSection
	GlobalSection(ProjectConfigurationPlatforms) = postSolution
		{BCD80F03-1C43-4DC9-8DDF-90725AE10EC0}.Debug|Any CPU.ActiveCfg = Debug|Any CPU
		{BCD80F03-1C43-4DC9-8DDF-90725AE10EC0}.Debug|Any CPU.Build.0 = Debug|Any CPU
		{BCD80F03-1C43-4DC9-8DDF-90725AE10EC0}.Release|Any CPU.ActiveCfg = Release|Any CPU
		{BCD80F03-1C43-4DC9-8DDF-90725AE10EC0}.Release|Any CPU.Build.0 = Release|Any CPU
		{37A2B3AA-1241-46B4-9E78-5B7066355885}.Debug|Any CPU.ActiveCfg = Debug|Any CPU
		{37A2B3AA-1241-46B4-9E78-5B7066355885}.Debug|Any CPU.Build.0 = Debug|Any CPU
		{37A2B3AA-1241-46B4-9E78-5B7066355885}.Release|Any CPU.ActiveCfg = Release|Any CPU
		{37A2B3AA-1241-46B4-9E78-5B7066355885}.Release|Any CPU.Build.0 = Release|Any CPU
	EndGlobalSection
	GlobalSection(SolutionProperties) = preSolution
		HideSolutionNode = FALSE
	EndGlobalSection
	GlobalSection(ExtensibilityGlobals) = postSolution
		SolutionGuid = {5987FEA0-2B6D-4E80-A9D3-6356C9A0FD5E}
	EndGlobalSection
EndGlobal
